
Microsoft Visual Studio Solution File, Format Version 12.00
# Visual Studio 14
VisualStudioVersion = 14.0.25420.1
MinimumVisualStudioVersion = 10.0.40219.1
Project("{FAE04EC0-301F-11D3-BF4B-00C04F79EFBC}") = "QuarkPoint.Exporter", "QuarkPoint.Exporter\QuarkPoint.Exporter.csproj", "{1AB46417-7749-49FE-9EA0-B549F3444FF5}"
EndProject
Project("{FAE04EC0-301F-11D3-BF4B-00C04F79EFBC}") = "QuarkPoint.Tester", "QuarkPoint.Tester\QuarkPoint.Tester.csproj", "{5D5E09D7-59EB-4354-A4FB-5C2E942B5EC9}"
EndProject
Global
	GlobalSection(SolutionConfigurationPlatforms) = preSolution
		Debug|Any CPU = Debug|Any CPU
		Release|Any CPU = Release|Any CPU
	EndGlobalSection
	GlobalSection(ProjectConfigurationPlatforms) = postSolution
		{1AB46417-7749-49FE-9EA0-B549F3444FF5}.Debug|Any CPU.ActiveCfg = Debug|Any CPU
		{1AB46417-7749-49FE-9EA0-B549F3444FF5}.Debug|Any CPU.Build.0 = Debug|Any CPU
		{1AB46417-7749-49FE-9EA0-B549F3444FF5}.Release|Any CPU.ActiveCfg = Release|Any CPU
		{1AB46417-7749-49FE-9EA0-B549F3444FF5}.Release|Any CPU.Build.0 = Release|Any CPU
		{5D5E09D7-59EB-4354-A4FB-5C2E942B5EC9}.Debug|Any CPU.ActiveCfg = Debug|Any CPU
		{5D5E09D7-59EB-4354-A4FB-5C2E942B5EC9}.Debug|Any CPU.Build.0 = Debug|Any CPU
		{5D5E09D7-59EB-4354-A4FB-5C2E942B5EC9}.Release|Any CPU.ActiveCfg = Release|Any CPU
		{5D5E09D7-59EB-4354-A4FB-5C2E942B5EC9}.Release|Any CPU.Build.0 = Release|Any CPU
	EndGlobalSection
	GlobalSection(SolutionProperties) = preSolution
		HideSolutionNode = FALSE
	EndGlobalSection
EndGlobal
